
Microsoft Visual Studio Solution File, Format Version 12.00
# Visual Studio Version 16
VisualStudioVersion = 16.0.29519.181
MinimumVisualStudioVersion = 10.0.40219.1
Project("{9A19103F-16F7-4668-BE54-9A1E7A4F7556}") = "Calzolari.ILogger.Extensions.NSusbtitute", "Calzolari.ILogger.Extensions.NSusbtitute\Calzolari.ILogger.Extensions.NSusbtitute.csproj", "{E714CB6E-5AAA-4A28-B4F1-9E4C56F214C8}"
EndProject
Project("{2150E333-8FDC-42A3-9474-1A3956D46DE8}") = "Items", "Items", "{F7A03715-ED0E-415B-8801-0266A54F6254}"
	ProjectSection(SolutionItems) = preProject
		calzolari.png = calzolari.png
	EndProjectSection
EndProject
Project("{FAE04EC0-301F-11D3-BF4B-00C04F79EFBC}") = "Calzolari.ILogger.Extensions.NSubstitute.Tests", "Calzolari.ILogger.Extensions.NSubstitute.Tests\Calzolari.ILogger.Extensions.NSubstitute.Tests.csproj", "{88E9CBF2-096B-478C-BCE5-5AD282A90148}"
EndProject
Project("{FAE04EC0-301F-11D3-BF4B-00C04F79EFBC}") = "Calzolari.ILogger.Extensions.Services", "Calzolari.ILogger.Extensions.Services\Calzolari.ILogger.Extensions.Services.csproj", "{BD50B922-31FC-4C7A-A0EF-12F909ECAA77}"
EndProject
Global
	GlobalSection(SolutionConfigurationPlatforms) = preSolution
		Debug|Any CPU = Debug|Any CPU
		Release|Any CPU = Release|Any CPU
	EndGlobalSection
	GlobalSection(ProjectConfigurationPlatforms) = postSolution
		{E714CB6E-5AAA-4A28-B4F1-9E4C56F214C8}.Debug|Any CPU.ActiveCfg = Debug|Any CPU
		{E714CB6E-5AAA-4A28-B4F1-9E4C56F214C8}.Debug|Any CPU.Build.0 = Debug|Any CPU
		{E714CB6E-5AAA-4A28-B4F1-9E4C56F214C8}.Release|Any CPU.ActiveCfg = Release|Any CPU
		{E714CB6E-5AAA-4A28-B4F1-9E4C56F214C8}.Release|Any CPU.Build.0 = Release|Any CPU
		{88E9CBF2-096B-478C-BCE5-5AD282A90148}.Debug|Any CPU.ActiveCfg = Debug|Any CPU
		{88E9CBF2-096B-478C-BCE5-5AD282A90148}.Debug|Any CPU.Build.0 = Debug|Any CPU
		{88E9CBF2-096B-478C-BCE5-5AD282A90148}.Release|Any CPU.ActiveCfg = Release|Any CPU
		{88E9CBF2-096B-478C-BCE5-5AD282A90148}.Release|Any CPU.Build.0 = Release|Any CPU
		{BD50B922-31FC-4C7A-A0EF-12F909ECAA77}.Debug|Any CPU.ActiveCfg = Debug|Any CPU
		{BD50B922-31FC-4C7A-A0EF-12F909ECAA77}.Debug|Any CPU.Build.0 = Debug|Any CPU
		{BD50B922-31FC-4C7A-A0EF-12F909ECAA77}.Release|Any CPU.ActiveCfg = Release|Any CPU
		{BD50B922-31FC-4C7A-A0EF-12F909ECAA77}.Release|Any CPU.Build.0 = Release|Any CPU
	EndGlobalSection
	GlobalSection(SolutionProperties) = preSolution
		HideSolutionNode = FALSE
	EndGlobalSection
	GlobalSection(ExtensibilityGlobals) = postSolution
		SolutionGuid = {50D92FBC-9736-420D-A693-A07E40991960}
	EndGlobalSection
EndGlobal
